hash: 2ec6f6e038a241058f34aa96d630b2f8a317d5c5f881fd20fbfbe60744f11373
updated: 2017-10-11T06:27:20.467524957Z
imports:
- name: github.com/gin-gonic/gin
  version: b8b68314faa067acae5b17c828127b04af51ebe2
- name: github.com/jackc/pgx
  version: 66918e80dfde8d5cb09af9aebf40e2cce2eb0cc0
- name: github.com/pkg/errors
  version: 645ef00459ed84a119197bfb8d8205042c6df63d
testImports: []
