hash: 08c266449973ab594eb2c0f6a92ed01f16642ff313d38703d7a614984f939c00
updated: 2017-10-05T07:18:28.74623807Z
imports:
- name: github.com/gin-contrib/sse
  version: 22d885f9ecc78bf4ee5d72b937e4bbcdc58e8cae
- name: github.com/gin-gonic/gin
  version: b8b68314faa067acae5b17c828127b04af51ebe2
  subpackages:
  - binding
  - json
  - render
- name: github.com/go-pg/pg
  version: 91966ca9a74c1dc62ec494975fd594889907cd33
  subpackages:
  - internal
  - internal/parser
  - internal/pool
  - orm
  - types
- name: github.com/golang/protobuf
  version: 130e6b02ab059e7b717a096f397c5b60111cae74
  subpackages:
  - proto
- name: github.com/jinzhu/inflection
  version: 1c35d901db3da928c72a72d8458480cc9ade058f
- name: github.com/json-iterator/go
  version: 4de15a3a870dbb1ddef434a77869b44aef7423ca
- name: github.com/mattn/go-isatty
  version: a5cdd64afdee435007ee3e9f6ed4684af949d568
- name: github.com/ugorji/go
  version: 54210f4e076c57f351166f0ed60e67d3fca57a36
  subpackages:
  - codec
- name: golang.org/x/sys
  version: 314a259e304ff91bd6985da2a7149bbf91237993
  subpackages:
  - unix
- name: gopkg.in/go-playground/validator.v8
  version: 5f1438d3fca68893a817e4a66806cea46a9e4ebf
- name: gopkg.in/yaml.v2
  version: eb3733d160e74a9c7e442f435eb3bea458e1d19f
testImports: []
